
Microsoft Visual Studio Solution File, Format Version 12.00
# Visual Studio Version 16
VisualStudioVersion = 16.0.28922.388
MinimumVisualStudioVersion = 10.0.40219.1
Project("{FAE04EC0-301F-11D3-BF4B-00C04F79EFBC}") = "HMAC", "HMAC\HMAC.csproj", "{A01C5BEB-E4A5-4A55-AE0B-FA6A2B2B8BF2}"
EndProject
Global
	GlobalSection(SolutionConfigurationPlatforms) = preSolution
		Debug|Any CPU = Debug|Any CPU
		Release|Any CPU = Release|Any CPU
	EndGlobalSection
	GlobalSection(ProjectConfigurationPlatforms) = postSolution
		{A01C5BEB-E4A5-4A55-AE0B-FA6A2B2B8BF2}.Debug|Any CPU.ActiveCfg = Debug|Any CPU
		{A01C5BEB-E4A5-4A55-AE0B-FA6A2B2B8BF2}.Debug|Any CPU.Build.0 = Debug|Any CPU
		{A01C5BEB-E4A5-4A55-AE0B-FA6A2B2B8BF2}.Release|Any CPU.ActiveCfg = Release|Any CPU
		{A01C5BEB-E4A5-4A55-AE0B-FA6A2B2B8BF2}.Release|Any CPU.Build.0 = Release|Any CPU
	EndGlobalSection
	GlobalSection(SolutionProperties) = preSolution
		HideSolutionNode = FALSE
	EndGlobalSection
	GlobalSection(ExtensibilityGlobals) = postSolution
		SolutionGuid = {81D4FC50-0C3D-4405-8FCC-5B5A8CB3FA73}
	EndGlobalSection
EndGlobal
